{
  "name": "docdb",
  "version": "0.0.6",
  "lockfileVersion": 1,
  "requires": true,
  "dependencies": {
    "@sergdudko/objectstream": {
      "version": "1.6.0",
      "resolved": "https://registry.npmjs.org/@sergdudko/objectstream/-/objectstream-1.6.0.tgz",
      "integrity": "sha512-iR3Ud14SUapvOGE7fbQy3iZq5DU5TA1H10PjqYBDZqoGoxV4rOq14SrErLJU3hAx5Rm2LAHCl9AnvVpVHYSOyQ=="
    },
    "colors": {
      "version": "1.4.0",
      "resolved": "https://registry.npmjs.org/colors/-/colors-1.4.0.tgz",
      "integrity": "sha512-a+UqTh4kgZg/SlGvfbzDHpgRu7AAQOmmqRHJnxhRZICKFUT91brVhNNt58CMWU9PsBbv3PDCZUHbVxuDiH2mtA==",
      "dev": true
    },
    "events": {
      "version": "3.0.0",
      "resolved": "https://registry.npmjs.org/events/-/events-3.0.0.tgz",
      "integrity": "sha512-Dc381HFWJzEOhQ+d8pkNon++bk9h6cdAoAj4iE6Q4y6xgTzySWXlKn05/TVNpjnfRqi/X0EpJEJohPjNI3zpVA=="
    }
  }
}
